
Microsoft Visual Studio Solution File, Format Version 12.00
# Visual Studio Version 17
VisualStudioVersion = 17.0.31903.59
MinimumVisualStudioVersion = 10.0.40219.1
Project("{FAE04EC0-301F-11D3-BF4B-00C04F79EFBC}") = "RabbitMQ.Consumer", "RabbitMQ.Consumer\RabbitMQ.Consumer.csproj", "{42A8D154-1DE5-4DDF-9890-BF2EDD5DB01C}"
EndProject
Project("{FAE04EC0-301F-11D3-BF4B-00C04F79EFBC}") = "RabbitMQ.Producer", "RabbitMQ.Producer\RabbitMQ.Producer.csproj", "{0A3876C0-2F66-4443-892F-A0C99F0C1829}"
EndProject
Global
	GlobalSection(SolutionConfigurationPlatforms) = preSolution
		Debug|Any CPU = Debug|Any CPU
		Release|Any CPU = Release|Any CPU
	EndGlobalSection
	GlobalSection(SolutionProperties) = preSolution
		HideSolutionNode = FALSE
	EndGlobalSection
	GlobalSection(ProjectConfigurationPlatforms) = postSolution
		{42A8D154-1DE5-4DDF-9890-BF2EDD5DB01C}.Debug|Any CPU.ActiveCfg = Debug|Any CPU
		{42A8D154-1DE5-4DDF-9890-BF2EDD5DB01C}.Debug|Any CPU.Build.0 = Debug|Any CPU
		{42A8D154-1DE5-4DDF-9890-BF2EDD5DB01C}.Release|Any CPU.ActiveCfg = Release|Any CPU
		{42A8D154-1DE5-4DDF-9890-BF2EDD5DB01C}.Release|Any CPU.Build.0 = Release|Any CPU
		{0A3876C0-2F66-4443-892F-A0C99F0C1829}.Debug|Any CPU.ActiveCfg = Debug|Any CPU
		{0A3876C0-2F66-4443-892F-A0C99F0C1829}.Debug|Any CPU.Build.0 = Debug|Any CPU
		{0A3876C0-2F66-4443-892F-A0C99F0C1829}.Release|Any CPU.ActiveCfg = Release|Any CPU
		{0A3876C0-2F66-4443-892F-A0C99F0C1829}.Release|Any CPU.Build.0 = Release|Any CPU
	EndGlobalSection
EndGlobal
